
Microsoft Visual Studio Solution File, Format Version 12.00
# Visual Studio 15
VisualStudioVersion = 15.0.28010.2046
MinimumVisualStudioVersion = 10.0.40219.1
Project("{FAE04EC0-301F-11D3-BF4B-00C04F79EFBC}") = "TaskManagerApi", "TaskManagerApi\TaskManagerApi.csproj", "{23FB5ADE-C92C-459B-94C1-39EC427F80E4}"
EndProject
Global
	GlobalSection(SolutionConfigurationPlatforms) = preSolution
		Debug|Any CPU = Debug|Any CPU
		Release|Any CPU = Release|Any CPU
	EndGlobalSection
	GlobalSection(ProjectConfigurationPlatforms) = postSolution
		{23FB5ADE-C92C-459B-94C1-39EC427F80E4}.Debug|Any CPU.ActiveCfg = Debug|Any CPU
		{23FB5ADE-C92C-459B-94C1-39EC427F80E4}.Debug|Any CPU.Build.0 = Debug|Any CPU
		{23FB5ADE-C92C-459B-94C1-39EC427F80E4}.Release|Any CPU.ActiveCfg = Release|Any CPU
		{23FB5ADE-C92C-459B-94C1-39EC427F80E4}.Release|Any CPU.Build.0 = Release|Any CPU
	EndGlobalSection
	GlobalSection(SolutionProperties) = preSolution
		HideSolutionNode = FALSE
	EndGlobalSection
	GlobalSection(ExtensibilityGlobals) = postSolution
		SolutionGuid = {70B9BA46-F8E4-409A-98FF-FECEB3F7FB8F}
	EndGlobalSection
EndGlobal
